# requirements/build.lock: written by `make lock` (scripts/lock_dependencies.py) from
# pyproject.toml, the [build-system] requires. Do not edit it by hand.
# Install with: pip install --require-hashes -r requirements/build.lock
# pyproject-sha256: 602dca49898e7923ed47ffee7667d9b6018cc20fcb421172a8a08bc332f2faf1
setuptools==84.0.0 \
    --hash=sha256:51a52592b3b99e102b609654876bd65f19f999935166d1352678931132b0c670 \
    --hash=sha256:f4695c21257f0d9b537ec2692c941d02ee143b7cc1276941349a546573b2ef73
